// !$*UTF8*$!
{
	archiveVersion = 1;
	classes = {
	};
	objectVersion = 56;
	objects = {

/* Begin PBXBuildFile section */
		981FD3CC28FC3C9600D37647 /* User.swift in Sources */ = {isa = PBXBuildFile; fileRef = 981FD3CB28FC3C9600D37647 /* User.swift */; };
		983FE17728FC385C004603DB /* Auth0 in Frameworks */ = {isa = PBXBuildFile; productRef = 983FE17628FC385C004603DB /* Auth0 */; };
		983FE17928FC388B004603DB /* Auth0.plist in Resources */ = {isa = PBXBuildFile; fileRef = 983FE17828FC388B004603DB /* Auth0.plist */; };
		983FE17B28FC38E8004603DB /* Login.storyboard in Resources */ = {isa = PBXBuildFile; fileRef = 983FE17A28FC38E8004603DB /* Login.storyboard */; };
		983FE17D28FC3963004603DB /* LoginViewController.swift in Sources */ = {isa = PBXBuildFile; fileRef = 983FE17C28FC3963004603DB /* LoginViewController.swift */; };
		9850148028F53D4C005F9B7A /* HideKeyboard+Extension.swift in Sources */ = {isa = PBXBuildFile; fileRef = 9850147F28F53D4C005F9B7A /* HideKeyboard+Extension.swift */; };
		985ADFF228F47FF900CEA5C3 /* AppDelegate.swift in Sources */ = {isa = PBXBuildFile; fileRef = 985ADFF128F47FF900CEA5C3 /* AppDelegate.swift */; };
		985ADFF428F47FF900CEA5C3 /* SceneDelegate.swift in Sources */ = {isa = PBXBuildFile; fileRef = 985ADFF328F47FF900CEA5C3 /* SceneDelegate.swift */; };
		985ADFF628F47FF900CEA5C3 /* ViewController.swift in Sources */ = {isa = PBXBuildFile; fileRef = 985ADFF528F47FF900CEA5C3 /* ViewController.swift */; };
		985ADFF928F47FF900CEA5C3 /* Main.storyboard in Resources */ = {isa = PBXBuildFile; fileRef = 985ADFF728F47FF900CEA5C3 /* Main.storyboard */; };
		985ADFFC28F47FF900CEA5C3 /* SocketIODemo.xcdatamodeld in Sources */ = {isa = PBXBuildFile; fileRef = 985ADFFA28F47FF900CEA5C3 /* SocketIODemo.xcdatamodeld */; };
		985ADFFE28F47FFA00CEA5C3 /* Assets.xcassets in Resources */ = {isa = PBXBuildFile; fileRef = 985ADFFD28F47FFA00CEA5C3 /* Assets.xcassets */; };
		985AE00128F47FFA00CEA5C3 /* LaunchScreen.storyboard in Resources */ = {isa = PBXBuildFile; fileRef = 985ADFFF28F47FFA00CEA5C3 /* LaunchScreen.storyboard */; };
		985AE00A28F482B300CEA5C3 /* SocketIO in Frameworks */ = {isa = PBXBuildFile; productRef = 985AE00928F482B300CEA5C3 /* SocketIO */; };
		985AE00C28F4838300CEA5C3 /* SocketHandler.swift in Sources */ = {isa = PBXBuildFile; fileRef = 985AE00B28F4838300CEA5C3 /* SocketHandler.swift */; };
		98BB52062900082C0093D88F /* CredentialHandler.swift in Sources */ = {isa = PBXBuildFile; fileRef = 98BB52052900082C0093D88F /* CredentialHandler.swift */; };
		98E8BDE228FC47CC00E9D159 /* UIImageView+Extension.swift in Sources */ = {isa = PBXBuildFile; fileRef = 98E8BDE128FC47CC00E9D159 /* UIImageView+Extension.swift */; };
/* End PBXBuildFile section */

/* Begin PBXFileReference section */
		981FD3CB28FC3C9600D37647 /* User.swift */ = {isa = PBXFileReference; lastKnownFileType = sourcecode.swift; path = User.swift; sourceTree = "<group>"; };
		983FE17828FC388B004603DB /* Auth0.plist */ = {isa = PBXFileReference; lastKnownFileType = text.plist.xml; path = Auth0.plist; sourceTree = "<group>"; };
		983FE17A28FC38E8004603DB /* Login.storyboard */ = {isa = PBXFileReference; lastKnownFileType = file.storyboard; path = Login.storyboard; sourceTree = "<group>"; };
		983FE17C28FC3963004603DB /* LoginViewController.swift */ = {isa = PBXFileReference; lastKnownFileType = sourcecode.swift; path = LoginViewController.swift; sourceTree = "<group>"; };
		9850147F28F53D4C005F9B7A /* HideKeyboard+Extension.swift */ = {isa = PBXFileReference; lastKnownFileType = sourcecode.swift; path = "HideKeyboard+Extension.swift"; sourceTree = "<group>"; };
		985ADFEE28F47FF900CEA5C3 /* SocketIODemo.app */ = {isa = PBXFileReference; explicitFileType = wrapper.application; includeInIndex = 0; path = SocketIODemo.app; sourceTree = BUILT_PRODUCTS_DIR; };
		985ADFF128F47FF900CEA5C3 /* AppDelegate.swift */ = {isa = PBXFileReference; lastKnownFileType = sourcecode.swift; path = AppDelegate.swift; sourceTree = "<group>"; };
		985ADFF328F47FF900CEA5C3 /* SceneDelegate.swift */ = {isa = PBXFileReference; lastKnownFileType = sourcecode.swift; path = SceneDelegate.swift; sourceTree = "<group>"; };
		985ADFF528F47FF900CEA5C3 /* ViewController.swift */ = {isa = PBXFileReference; lastKnownFileType = sourcecode.swift; path = ViewController.swift; sourceTree = "<group>"; };
		985ADFF828F47FF900CEA5C3 /* Base */ = {isa = PBXFileReference; lastKnownFileType = file.storyboard; name = Base; path = Base.lproj/Main.storyboard; sourceTree = "<group>"; };
		985ADFFB28F47FF900CEA5C3 /* SocketIODemo.xcdatamodel */ = {isa = PBXFileReference; lastKnownFileType = wrapper.xcdatamodel; path = SocketIODemo.xcdatamodel; sourceTree = "<group>"; };
		985ADFFD28F47FFA00CEA5C3 /* Assets.xcassets */ = {isa = PBXFileReference; lastKnownFileType = folder.assetcatalog; path = Assets.xcassets; sourceTree = "<group>"; };
		985AE00028F47FFA00CEA5C3 /* Base */ = {isa = PBXFileReference; lastKnownFileType = file.storyboard; name = Base; path = Base.lproj/LaunchScreen.storyboard; sourceTree = "<group>"; };
		985AE00228F47FFA00CEA5C3 /* Info.plist */ = {isa = PBXFileReference; lastKnownFileType = text.plist.xml; path = Info.plist; sourceTree = "<group>"; };
		985AE00B28F4838300CEA5C3 /* SocketHandler.swift */ = {isa = PBXFileReference; lastKnownFileType = sourcecode.swift; path = SocketHandler.swift; sourceTree = "<group>"; };
		98BB52052900082C0093D88F /* CredentialHandler.swift */ = {isa = PBXFileReference; lastKnownFileType = sourcecode.swift; path = CredentialHandler.swift; sourceTree = "<group>"; };
		98E8BDE128FC47CC00E9D159 /* UIImageView+Extension.swift */ = {isa = PBXFileReference; lastKnownFileType = sourcecode.swift; path = "UIImageView+Extension.swift"; sourceTree = "<group>"; };
/* End PBXFileReference section */

/* Begin PBXFrameworksBuildPhase section */
		985ADFEB28F47FF900CEA5C3 /* Frameworks */ = {
			isa = PBXFrameworksBuildPhase;
			buildActionMask = 2147483647;
			files = (
				985AE00A28F482B300CEA5C3 /* SocketIO in Frameworks */,
				983FE17728FC385C004603DB /* Auth0 in Frameworks */,
			);
			runOnlyForDeploymentPostprocessing = 0;
		};
/* End PBXFrameworksBuildPhase section */

/* Begin PBXGroup section */
		985ADFE528F47FF900CEA5C3 = {
			isa = PBXGroup;
			children = (
				985ADFF028F47FF900CEA5C3 /* SocketIODemo */,
				985ADFEF28F47FF900CEA5C3 /* Products */,
			);
			sourceTree = "<group>";
		};
		985ADFEF28F47FF900CEA5C3 /* Products */ = {
			isa = PBXGroup;
			children = (
				985ADFEE28F47FF900CEA5C3 /* SocketIODemo.app */,
			);
			name = Products;
			sourceTree = "<group>";
		};
		985ADFF028F47FF900CEA5C3 /* SocketIODemo */ = {
			isa = PBXGroup;
			children = (
				986643282900EBB000E76401 /* Models */,
				986643272900EB9B00E76401 /* Handlers */,
				986643262900EB8900E76401 /* Extensions */,
				986643252900EB8000E76401 /* Views */,
				986643242900EB7500E76401 /* ViewControllers */,
				985ADFF128F47FF900CEA5C3 /* AppDelegate.swift */,
				985ADFF328F47FF900CEA5C3 /* SceneDelegate.swift */,
				985ADFFD28F47FFA00CEA5C3 /* Assets.xcassets */,
				985AE00228F47FFA00CEA5C3 /* Info.plist */,
				983FE17828FC388B004603DB /* Auth0.plist */,
				985ADFFA28F47FF900CEA5C3 /* SocketIODemo.xcdatamodeld */,
			);
			path = SocketIODemo;
			sourceTree = "<group>";
		};
		986643242900EB7500E76401 /* ViewControllers */ = {
			isa = PBXGroup;
			children = (
				985ADFF528F47FF900CEA5C3 /* ViewController.swift */,
				983FE17C28FC3963004603DB /* LoginViewController.swift */,
			);
			path = ViewControllers;
			sourceTree = "<group>";
		};
		986643252900EB8000E76401 /* Views */ = {
			isa = PBXGroup;
			children = (
				983FE17A28FC38E8004603DB /* Login.storyboard */,
				985ADFF728F47FF900CEA5C3 /* Main.storyboard */,
				985ADFFF28F47FFA00CEA5C3 /* LaunchScreen.storyboard */,
			);
			path = Views;
			sourceTree = "<group>";
		};
		986643262900EB8900E76401 /* Extensions */ = {
			isa = PBXGroup;
			children = (
				98E8BDE128FC47CC00E9D159 /* UIImageView+Extension.swift */,
				9850147F28F53D4C005F9B7A /* HideKeyboard+Extension.swift */,
			);
			path = Extensions;
			sourceTree = "<group>";
		};
		986643272900EB9B00E76401 /* Handlers */ = {
			isa = PBXGroup;
			children = (
				985AE00B28F4838300CEA5C3 /* SocketHandler.swift */,
				98BB52052900082C0093D88F /* CredentialHandler.swift */,
			);
			path = Handlers;
			sourceTree = "<group>";
		};
		986643282900EBB000E76401 /* Models */ = {
			isa = PBXGroup;
			children = (
				981FD3CB28FC3C9600D37647 /* User.swift */,
			);
			path = Models;
			sourceTree = "<group>";
		};
/* End PBXGroup section */

/* Begin PBXNativeTarget section */
		985ADFED28F47FF900CEA5C3 /* SocketIODemo */ = {
			isa = PBXNativeTarget;
			buildConfigurationList = 985AE00528F47FFA00CEA5C3 /* Build configuration list for PBXNativeTarget "SocketIODemo" */;
			buildPhases = (
				985ADFEA28F47FF900CEA5C3 /* Sources */,
				985ADFEB28F47FF900CEA5C3 /* Frameworks */,
				985ADFEC28F47FF900CEA5C3 /* Resources */,
			);
			buildRules = (
			);
			dependencies = (
			);
			name = SocketIODemo;
			packageProductDependencies = (
				985AE00928F482B300CEA5C3 /* SocketIO */,
				983FE17628FC385C004603DB /* Auth0 */,
			);
			productName = SocketIODemo;
			productReference = 985ADFEE28F47FF900CEA5C3 /* SocketIODemo.app */;
			productType = "com.apple.product-type.application";
		};
/* End PBXNativeTarget section */

/* Begin PBXProject section */
		985ADFE628F47FF900CEA5C3 /* Project object */ = {
			isa = PBXProject;
			attributes = {
				BuildIndependentTargetsInParallel = 1;
				LastSwiftUpdateCheck = 1400;
				LastUpgradeCheck = 1400;
				TargetAttributes = {
					985ADFED28F47FF900CEA5C3 = {
						CreatedOnToolsVersion = 14.0.1;
					};
				};
			};
			buildConfigurationList = 985ADFE928F47FF900CEA5C3 /* Build configuration list for PBXProject "SocketIODemo" */;
			compatibilityVersion = "Xcode 14.0";
			developmentRegion = en;
			hasScannedForEncodings = 0;
			knownRegions = (
				en,
				Base,
			);
			mainGroup = 985ADFE528F47FF900CEA5C3;
			packageReferences = (
				985AE00828F482B300CEA5C3 /* XCRemoteSwiftPackageReference "socket.io-client-swift" */,
				983FE17528FC385C004603DB /* XCRemoteSwiftPackageReference "Auth0" */,
			);
			productRefGroup = 985ADFEF28F47FF900CEA5C3 /* Products */;
			projectDirPath = "";
			projectRoot = "";
			targets = (
				985ADFED28F47FF900CEA5C3 /* SocketIODemo */,
			);
		};
/* End PBXProject section */

/* Begin PBXResourcesBuildPhase section */
		985ADFEC28F47FF900CEA5C3 /* Resources */ = {
			isa = PBXResourcesBuildPhase;
			buildActionMask = 2147483647;
			files = (
				985AE00128F47FFA00CEA5C3 /* LaunchScreen.storyboard in Resources */,
				985ADFFE28F47FFA00CEA5C3 /* Assets.xcassets in Resources */,
				985ADFF928F47FF900CEA5C3 /* Main.storyboard in Resources */,
				983FE17B28FC38E8004603DB /* Login.storyboard in Resources */,
				983FE17928FC388B004603DB /* Auth0.plist in Resources */,
			);
			runOnlyForDeploymentPostprocessing = 0;
		};
/* End PBXResourcesBuildPhase section */

/* Begin PBXSourcesBuildPhase section */
		985ADFEA28F47FF900CEA5C3 /* Sources */ = {
			isa = PBXSourcesBuildPhase;
			buildActionMask = 2147483647;
			files = (
				983FE17D28FC3963004603DB /* LoginViewController.swift in Sources */,
				985ADFF628F47FF900CEA5C3 /* ViewController.swift in Sources */,
				985AE00C28F4838300CEA5C3 /* SocketHandler.swift in Sources */,
				98E8BDE228FC47CC00E9D159 /* UIImageView+Extension.swift in Sources */,
				985ADFF228F47FF900CEA5C3 /* AppDelegate.swift in Sources */,
				981FD3CC28FC3C9600D37647 /* User.swift in Sources */,
				98BB52062900082C0093D88F /* CredentialHandler.swift in Sources */,
				985ADFF428F47FF900CEA5C3 /* SceneDelegate.swift in Sources */,
				9850148028F53D4C005F9B7A /* HideKeyboard+Extension.swift in Sources */,
				985ADFFC28F47FF900CEA5C3 /* SocketIODemo.xcdatamodeld in Sources */,
			);
			runOnlyForDeploymentPostprocessing = 0;
		};
/* End PBXSourcesBuildPhase section */

/* Begin PBXVariantGroup section */
		985ADFF728F47FF900CEA5C3 /* Main.storyboard */ = {
			isa = PBXVariantGroup;
			children = (
				985ADFF828F47FF900CEA5C3 /* Base */,
			);
			name = Main.storyboard;
			sourceTree = "<group>";
		};
		985ADFFF28F47FFA00CEA5C3 /* LaunchScreen.storyboard */ = {
			isa = PBXVariantGroup;
			children = (
				985AE00028F47FFA00CEA5C3 /* Base */,
			);
			name = LaunchScreen.storyboard;
			sourceTree = "<group>";
		};
/* End PBXVariantGroup section */

/* Begin XCBuildConfiguration section */
		985AE00328F47FFA00CEA5C3 /* Debug */ = {
			isa = XCBuildConfiguration;
			buildSettings = {
				ALWAYS_SEARCH_USER_PATHS = NO;
				CLANG_ANALYZER_NONNULL = YES;
				CLANG_ANALYZER_NUMBER_OBJECT_CONVERSION = YES_AGGRESSIVE;
				CLANG_CXX_LANGUAGE_STANDARD = "gnu++20";
				CLANG_ENABLE_MODULES = YES;
				CLANG_ENABLE_OBJC_ARC = YES;
				CLANG_ENABLE_OBJC_WEAK = YES;
				CLANG_WARN_BLOCK_CAPTURE_AUTORELEASING = YES;
				CLANG_WARN_BOOL_CONVERSION = YES;
				CLANG_WARN_COMMA = YES;
				CLANG_WARN_CONSTANT_CONVERSION = YES;
				CLANG_WARN_DEPRECATED_OBJC_IMPLEMENTATIONS = YES;
				CLANG_WARN_DIRECT_OBJC_ISA_USAGE = YES_ERROR;
				CLANG_WARN_DOCUMENTATION_COMMENTS = YES;
				CLANG_WARN_EMPTY_BODY = YES;
				CLANG_WARN_ENUM_CONVERSION = YES;
				CLANG_WARN_INFINITE_RECURSION = YES;
				CLANG_WARN_INT_CONVERSION = YES;
				CLANG_WARN_NON_LITERAL_NULL_CONVERSION = YES;
				CLANG_WARN_OBJC_IMPLICIT_RETAIN_SELF = YES;
				CLANG_WARN_OBJC_LITERAL_CONVERSION = YES;
				CLANG_WARN_OBJC_ROOT_CLASS = YES_ERROR;
				CLANG_WARN_QUOTED_INCLUDE_IN_FRAMEWORK_HEADER = YES;
				CLANG_WARN_RANGE_LOOP_ANALYSIS = YES;
				CLANG_WARN_STRICT_PROTOTYPES = YES;
				CLANG_WARN_SUSPICIOUS_MOVE = YES;
				CLANG_WARN_UNGUARDED_AVAILABILITY = YES_AGGRESSIVE;
				CLANG_WARN_UNREACHABLE_CODE = YES;
				CLANG_WARN__DUPLICATE_METHOD_MATCH = YES;
				COPY_PHASE_STRIP = NO;
				DEBUG_INFORMATION_FORMAT = dwarf;
				ENABLE_STRICT_OBJC_MSGSEND = YES;
				ENABLE_TESTABILITY = YES;
				GCC_C_LANGUAGE_STANDARD = gnu11;
				GCC_DYNAMIC_NO_PIC = NO;
				GCC_NO_COMMON_BLOCKS = YES;
				GCC_OPTIMIZATION_LEVEL = 0;
				GCC_PREPROCESSOR_DEFINITIONS = (
					"DEBUG=1",
					"$(inherited)",
				);
				GCC_WARN_64_TO_32_BIT_CONVERSION = YES;
				GCC_WARN_ABOUT_RETURN_TYPE = YES_ERROR;
				GCC_WARN_UNDECLARED_SELECTOR = YES;
				GCC_WARN_UNINITIALIZED_AUTOS = YES_AGGRESSIVE;
				GCC_WARN_UNUSED_FUNCTION = YES;
				GCC_WARN_UNUSED_VARIABLE = YES;
				IPHONEOS_DEPLOYMENT_TARGET = 16.0;
				MTL_ENABLE_DEBUG_INFO = INCLUDE_SOURCE;
				MTL_FAST_MATH = YES;
				ONLY_ACTIVE_ARCH = YES;
				SDKROOT = iphoneos;
				SWIFT_ACTIVE_COMPILATION_CONDITIONS = DEBUG;
				SWIFT_OPTIMIZATION_LEVEL = "-Onone";
			};
			name = Debug;
		};
		985AE00428F47FFA00CEA5C3 /* Release */ = {
			isa = XCBuildConfiguration;
			buildSettings = {
				ALWAYS_SEARCH_USER_PATHS = NO;
				CLANG_ANALYZER_NONNULL = YES;
				CLANG_ANALYZER_NUMBER_OBJECT_CONVERSION = YES_AGGRESSIVE;
				CLANG_CXX_LANGUAGE_STANDARD = "gnu++20";
				CLANG_ENABLE_MODULES = YES;
				CLANG_ENABLE_OBJC_ARC = YES;
				CLANG_ENABLE_OBJC_WEAK = YES;
				CLANG_WARN_BLOCK_CAPTURE_AUTORELEASING = YES;
				CLANG_WARN_BOOL_CONVERSION = YES;
				CLANG_WARN_COMMA = YES;
				CLANG_WARN_CONSTANT_CONVERSION = YES;
				CLANG_WARN_DEPRECATED_OBJC_IMPLEMENTATIONS = YES;
				CLANG_WARN_DIRECT_OBJC_ISA_USAGE = YES_ERROR;
				CLANG_WARN_DOCUMENTATION_COMMENTS = YES;
				CLANG_WARN_EMPTY_BODY = YES;
				CLANG_WARN_ENUM_CONVERSION = YES;
				CLANG_WARN_INFINITE_RECURSION = YES;
				CLANG_WARN_INT_CONVERSION = YES;
				CLANG_WARN_NON_LITERAL_NULL_CONVERSION = YES;
				CLANG_WARN_OBJC_IMPLICIT_RETAIN_SELF = YES;
				CLANG_WARN_OBJC_LITERAL_CONVERSION = YES;
				CLANG_WARN_OBJC_ROOT_CLASS = YES_ERROR;
				CLANG_WARN_QUOTED_INCLUDE_IN_FRAMEWORK_HEADER = YES;
				CLANG_WARN_RANGE_LOOP_ANALYSIS = YES;
				CLANG_WARN_STRICT_PROTOTYPES = YES;
				CLANG_WARN_SUSPICIOUS_MOVE = YES;
				CLANG_WARN_UNGUARDED_AVAILABILITY = YES_AGGRESSIVE;
				CLANG_WARN_UNREACHABLE_CODE = YES;
				CLANG_WARN__DUPLICATE_METHOD_MATCH = YES;
				COPY_PHASE_STRIP = NO;
				DEBUG_INFORMATION_FORMAT = "dwarf-with-dsym";
				ENABLE_NS_ASSERTIONS = NO;
				ENABLE_STRICT_OBJC_MSGSEND = YES;
				GCC_C_LANGUAGE_STANDARD = gnu11;
				GCC_NO_COMMON_BLOCKS = YES;
				GCC_WARN_64_TO_32_BIT_CONVERSION = YES;
				GCC_WARN_ABOUT_RETURN_TYPE = YES_ERROR;
				GCC_WARN_UNDECLARED_SELECTOR = YES;
				GCC_WARN_UNINITIALIZED_AUTOS = YES_AGGRESSIVE;
				GCC_WARN_UNUSED_FUNCTION = YES;
				GCC_WARN_UNUSED_VARIABLE = YES;
				IPHONEOS_DEPLOYMENT_TARGET = 16.0;
				MTL_ENABLE_DEBUG_INFO = NO;
				MTL_FAST_MATH = YES;
				SDKROOT = iphoneos;
				SWIFT_COMPILATION_MODE = wholemodule;
				SWIFT_OPTIMIZATION_LEVEL = "-O";
				VALIDATE_PRODUCT = YES;
			};
			name = Release;
		};
		985AE00628F47FFA00CEA5C3 /* Debug */ = {
			isa = XCBuildConfiguration;
			buildSettings = {
				ASSETCATALOG_COMPILER_APPICON_NAME = AppIcon;
				ASSETCATALOG_COMPILER_GLOBAL_ACCENT_COLOR_NAME = AccentColor;
				CODE_SIGN_STYLE = Automatic;
				CURRENT_PROJECT_VERSION = 1;
				DEVELOPMENT_TEAM = FZ22T3BM95;
				GENERATE_INFOPLIST_FILE = YES;
				INFOPLIST_FILE = SocketIODemo/Info.plist;
				INFOPLIST_KEY_UIApplicationSupportsIndirectInputEvents = YES;
				INFOPLIST_KEY_UILaunchStoryboardName = LaunchScreen;
				INFOPLIST_KEY_UIMainStoryboardFile = Main;
				INFOPLIST_KEY_UISupportedInterfaceOrientations_iPad = "UIInterfaceOrientationPortrait UIInterfaceOrientationPortraitUpsideDown UIInterfaceOrientationLandscapeLeft UIInterfaceOrientationLandscapeRight";
				INFOPLIST_KEY_UISupportedInterfaceOrientations_iPhone = "UIInterfaceOrientationPortrait UIInterfaceOrientationLandscapeLeft UIInterfaceOrientationLandscapeRight";
				IPHONEOS_DEPLOYMENT_TARGET = 15.0;
				LD_RUNPATH_SEARCH_PATHS = (
					"$(inherited)",
					"@executable_path/Frameworks",
				);
				MARKETING_VERSION = 1.0;
				PRODUCT_BUNDLE_IDENTIFIER = xyz.awesa.SocketIODemo;
				PRODUCT_NAME = "$(TARGET_NAME)";
				SWIFT_EMIT_LOC_STRINGS = YES;
				SWIFT_VERSION = 5.0;
				TARGETED_DEVICE_FAMILY = "1,2";
			};
			name = Debug;
		};
		985AE00728F47FFA00CEA5C3 /* Release */ = {
			isa = XCBuildConfiguration;
			buildSettings = {
				ASSETCATALOG_COMPILER_APPICON_NAME = AppIcon;
				ASSETCATALOG_COMPILER_GLOBAL_ACCENT_COLOR_NAME = AccentColor;
				CODE_SIGN_STYLE = Automatic;
				CURRENT_PROJECT_VERSION = 1;
				DEVELOPMENT_TEAM = FZ22T3BM95;
				GENERATE_INFOPLIST_FILE = YES;
				INFOPLIST_FILE = SocketIODemo/Info.plist;
				INFOPLIST_KEY_UIApplicationSupportsIndirectInputEvents = YES;
				INFOPLIST_KEY_UILaunchStoryboardName = LaunchScreen;
				INFOPLIST_KEY_UIMainStoryboardFile = Main;
				INFOPLIST_KEY_UISupportedInterfaceOrientations_iPad = "UIInterfaceOrientationPortrait UIInterfaceOrientationPortraitUpsideDown UIInterfaceOrientationLandscapeLeft UIInterfaceOrientationLandscapeRight";
				INFOPLIST_KEY_UISupportedInterfaceOrientations_iPhone = "UIInterfaceOrientationPortrait UIInterfaceOrientationLandscapeLeft UIInterfaceOrientationLandscapeRight";
				IPHONEOS_DEPLOYMENT_TARGET = 15.0;
				LD_RUNPATH_SEARCH_PATHS = (
					"$(inherited)",
					"@executable_path/Frameworks",
				);
				MARKETING_VERSION = 1.0;
				PRODUCT_BUNDLE_IDENTIFIER = xyz.awesa.SocketIODemo;
				PRODUCT_NAME = "$(TARGET_NAME)";
				SWIFT_EMIT_LOC_STRINGS = YES;
				SWIFT_VERSION = 5.0;
				TARGETED_DEVICE_FAMILY = "1,2";
			};
			name = Release;
		};
/* End XCBuildConfiguration section */

/* Begin XCConfigurationList section */
		985ADFE928F47FF900CEA5C3 /* Build configuration list for PBXProject "SocketIODemo" */ = {
			isa = XCConfigurationList;
			buildConfigurations = (
				985AE00328F47FFA00CEA5C3 /* Debug */,
				985AE00428F47FFA00CEA5C3 /* Release */,
			);
			defaultConfigurationIsVisible = 0;
			defaultConfigurationName = Release;
		};
		985AE00528F47FFA00CEA5C3 /* Build configuration list for PBXNativeTarget "SocketIODemo" */ = {
			isa = XCConfigurationList;
			buildConfigurations = (
				985AE00628F47FFA00CEA5C3 /* Debug */,
				985AE00728F47FFA00CEA5C3 /* Release */,
			);
			defaultConfigurationIsVisible = 0;
			defaultConfigurationName = Release;
		};
/* End XCConfigurationList section */

/* Begin XCRemoteSwiftPackageReference section */
		983FE17528FC385C004603DB /* XCRemoteSwiftPackageReference "Auth0" */ = {
			isa = XCRemoteSwiftPackageReference;
			repositoryURL = "https://github.com/auth0/Auth0.swift";
			requirement = {
				kind = upToNextMajorVersion;
				minimumVersion = 2.0.0;
			};
		};
		985AE00828F482B300CEA5C3 /* XCRemoteSwiftPackageReference "socket.io-client-swift" */ = {
			isa = XCRemoteSwiftPackageReference;
			repositoryURL = "https://github.com/socketio/socket.io-client-swift.git";
			requirement = {
				branch = master;
				kind = branch;
			};
		};
/* End XCRemoteSwiftPackageReference section */

/* Begin XCSwiftPackageProductDependency section */
		983FE17628FC385C004603DB /* Auth0 */ = {
			isa = XCSwiftPackageProductDependency;
			package = 983FE17528FC385C004603DB /* XCRemoteSwiftPackageReference "Auth0" */;
			productName = Auth0;
		};
		985AE00928F482B300CEA5C3 /* SocketIO */ = {
			isa = XCSwiftPackageProductDependency;
			package = 985AE00828F482B300CEA5C3 /* XCRemoteSwiftPackageReference "socket.io-client-swift" */;
			productName = SocketIO;
		};
/* End XCSwiftPackageProductDependency section */

/* Begin XCVersionGroup section */
		985ADFFA28F47FF900CEA5C3 /* SocketIODemo.xcdatamodeld */ = {
			isa = XCVersionGroup;
			children = (
				985ADFFB28F47FF900CEA5C3 /* SocketIODemo.xcdatamodel */,
			);
			currentVersion = 985ADFFB28F47FF900CEA5C3 /* SocketIODemo.xcdatamodel */;
			path = SocketIODemo.xcdatamodeld;
			sourceTree = "<group>";
			versionGroupType = wrapper.xcdatamodel;
		};
/* End XCVersionGroup section */
	};
	rootObject = 985ADFE628F47FF900CEA5C3 /* Project object */;
}
