{
  "pins" : [
    {
      "identity" : "auth0.swift",
      "kind" : "remoteSourceControl",
      "location" : "https://github.com/auth0/Auth0.swift",
      "state" : {
        "revision" : "2f9b27930444c40cc6431a9906ca1bedb8fe5d53",
        "version" : "2.3.1"
      }
    },
    {
      "identity" : "jwtdecode.swift",
      "kind" : "remoteSourceControl",
      "location" : "https://github.com/auth0/JWTDecode.swift.git",
      "state" : {
        "revision" : "d07041068fed2d4b8a38f2b321ea6d97c9152c4a",
        "version" : "3.0.0"
      }
    },
    {
      "identity" : "simplekeychain",
      "kind" : "remoteSourceControl",
      "location" : "https://github.com/auth0/SimpleKeychain.git",
      "state" : {
        "revision" : "7f7be4a7dfc9164c2c66f95193cec9df9ac47d58",
        "version" : "1.0.1"
      }
    },
    {
      "identity" : "socket.io-client-swift",
      "kind" : "remoteSourceControl",
      "location" : "https://github.com/socketio/socket.io-client-swift.git",
      "state" : {
        "branch" : "master",
        "revision" : "a1ed825835a2d8c2555938e96557ccc05e4bebf3"
      }
    },
    {
      "identity" : "starscream",
      "kind" : "remoteSourceControl",
      "location" : "https://github.com/daltoniam/Starscream",
      "state" : {
        "revision" : "df8d82047f6654d8e4b655d1b1525c64e1059d21",
        "version" : "4.0.4"
      }
    }
  ],
  "version" : 2
}
